PODS:
  - AFNetworking (3.2.1):
    - AFNetworking/NSURLSession (= 3.2.1)
    - AFNetworking/Reachability (= 3.2.1)
    - AFNetworking/Security (= 3.2.1)
    - AFNetworking/Serialization (= 3.2.1)
    - AFNetworking/UIKit (= 3.2.1)
  - AFNetworking/NSURLSession (3.2.1):
    - AFNetworking/Reachability
    - AFNetworking/Security
    - AFNetworking/Serialization
  - AFNetworking/Reachability (3.2.1)
  - AFNetworking/Security (3.2.1)
  - AFNetworking/Serialization (3.2.1)
  - AFNetworking/UIKit (3.2.1):
    - AFNetworking/NSURLSession
  - AxcAE_TabBar (1.0.5)
  - FMDB (2.7.5):
    - FMDB/standard (= 2.7.5)
  - FMDB/standard (2.7.5)
  - IconFont (0.0.2)
  - Masonry (1.1.0)
  - MJExtension (3.0.15.1)
  - MJRefresh (3.1.15)
  - SDWebImage (4.4.2):
    - SDWebImage/Core (= 4.4.2)
  - SDWebImage/Core (4.4.2)
  - YCXMenu (0.0.11)

DEPENDENCIES:
  - AFNetworking
  - AxcAE_TabBar
  - FMDB
  - IconFont (~> 0.0.2)
  - Masonry
  - MJExtension
  - MJRefresh (= 3.1.15)
  - SDWebImage
  - YCXMenu (~> 0.0.11)

SPEC REPOS:
  https://github.com/cocoapods/specs.git:
    - AFNetworking
    - AxcAE_TabBar
    - FMDB
    - IconFont
    - Masonry
    - MJExtension
    - MJRefresh
    - SDWebImage
    - YCXMenu

SPEC CHECKSUMS:
  AFNetworking: b6f891fdfaed196b46c7a83cf209e09697b94057
  AxcAE_TabBar: 1d5bcf6c4921889dc38839b6ba2c584a9b55251a
  FMDB: 2ce00b547f966261cd18927a3ddb07cb6f3db82a
  IconFont: 2ea71fd37ea03acdb6025050dd36318de9fa37d9
  Masonry: 678fab65091a9290e40e2832a55e7ab731aad201
  MJExtension: 19bc33ce2eee2d319760f5622562cf581a6ff756
  MJRefresh: 9af70f5f9327a2cf87f0fb5929f35fcc2fa638ea
  SDWebImage: 624d6e296c69b244bcede364c72ae0430ac14681
  YCXMenu: 6003bcd20d8ac72e3eb3c442c97ed21948c6dc1f

PODFILE CHECKSUM: 5945e8072eaf1ab1c8c55e6bccd808d2337052b2

COCOAPODS: 1.5.3
